
Microsoft Visual Studio Solution File, Format Version 12.00
# Visual Studio Version 16
VisualStudioVersion = 16.0.30503.244
MinimumVisualStudioVersion = 10.0.40219.1
Project("{FAE04EC0-301F-11D3-BF4B-00C04F79EFBC}") = "WPFTest", "WPFTest.csproj", "{07A45DCD-5B12-4953-9217-784DD72F4EE4}"
EndProject
Global
	GlobalSection(SolutionConfigurationPlatforms) = preSolution
		Debug|Any CPU = Debug|Any CPU
		Release|Any CPU = Release|Any CPU
	EndGlobalSection
	GlobalSection(ProjectConfigurationPlatforms) = postSolution
		{07A45DCD-5B12-4953-9217-784DD72F4EE4}.Debug|Any CPU.ActiveCfg = Debug|Any CPU
		{07A45DCD-5B12-4953-9217-784DD72F4EE4}.Debug|Any CPU.Build.0 = Debug|Any CPU
		{07A45DCD-5B12-4953-9217-784DD72F4EE4}.Release|Any CPU.ActiveCfg = Release|Any CPU
		{07A45DCD-5B12-4953-9217-784DD72F4EE4}.Release|Any CPU.Build.0 = Release|Any CPU
	EndGlobalSection
	GlobalSection(SolutionProperties) = preSolution
		HideSolutionNode = FALSE
	EndGlobalSection
	GlobalSection(ExtensibilityGlobals) = postSolution
		SolutionGuid = {29376780-CC47-4BAC-93DD-841451934B1C}
	EndGlobalSection
EndGlobal
